{
  "name": "diceapp-npmcours",
  "version": "1.0.0",
  "lockfileVersion": 3,
  "requires": true,
  "packages": {
    "": {
      "name": "diceapp-npmcours",
      "version": "1.0.0",
      "license": "ISC",
      "dependencies": {
        "dice-rool": "^1.0.0"
      }
    },
    "node_modules/dice-rool": {
      "version": "1.0.0",
      "resolved": "https://registry.npmjs.org/dice-rool/-/dice-rool-1.0.0.tgz",
      "integrity": "sha512-dSNDbaejAgtHNGuM1voYbDTQ7s0qeMF+ypbpjhpClP+vykde2y+QF3xMYOFsXTAVVHwOMT/3SLyCh4q4EnPvxA=="
    }
  }
}
